{
  "version": 4,
  "terraform_version": "1.1.7",
  "serial": 14,
  "lineage": "99ff8958-8d78-e40f-22e2-20a3bcc86ff2",
  "outputs": {},
  "resources": [
    {
      "mode": "managed",
      "type": "kubernetes_deployment",
      "name": "plex-server",
      "provider": "provider[\"registry.terraform.io/hashicorp/kubernetes\"]",
      "instances": [
        {
          "schema_version": 1,
          "attributes": {
            "id": "media-services/plex-server",
            "metadata": [
              {
                "annotations": {},
                "generate_name": "",
                "generation": 3,
                "labels": {},
                "name": "plex-server",
                "namespace": "media-services",
                "resource_version": "2231",
                "uid": "7a492298-ecc8-4244-afa0-f540c4cb94db"
              }
            ],
            "spec": [
              {
                "min_ready_seconds": 0,
                "paused": false,
                "progress_deadline_seconds": 600,
                "replicas": "1",
                "revision_history_limit": 10,
                "selector": [
                  {
                    "match_expressions": [],
                    "match_labels": {
                      "service_name": "plex-server"
                    }
                  }
                ],
                "strategy": [
                  {
                    "rolling_update": [
                      {
                        "max_surge": "25%",
                        "max_unavailable": "25%"
                      }
                    ],
                    "type": "RollingUpdate"
                  }
                ],
                "template": [
                  {
                    "metadata": [
                      {
                        "annotations": {},
                        "generate_name": "",
                        "generation": 0,
                        "labels": {
                          "service_name": "plex-server"
                        },
                        "name": "",
                        "namespace": "",
                        "resource_version": "",
                        "uid": ""
                      }
                    ],
                    "spec": [
                      {
                        "active_deadline_seconds": 0,
                        "affinity": [],
                        "automount_service_account_token": true,
                        "container": [
                          {
                            "args": [],
                            "command": [],
                            "env": [],
                            "env_from": [],
                            "image": "linuxserver/plex:1.29.2",
                            "image_pull_policy": "IfNotPresent",
                            "lifecycle": [],
                            "liveness_probe": [],
                            "name": "plex-server",
                            "port": [
                              {
                                "container_port": 32400,
                                "host_ip": "",
                                "host_port": 0,
                                "name": "",
                                "protocol": "TCP"
                              }
                            ],
                            "readiness_probe": [],
                            "resources": [
                              {
                                "limits": {},
                                "requests": {}
                              }
                            ],
                            "security_context": [],
                            "startup_probe": [],
                            "stdin": false,
                            "stdin_once": false,
                            "termination_message_path": "/dev/termination-log",
                            "termination_message_policy": "File",
                            "tty": false,
                            "volume_mount": [
                              {
                                "mount_path": "/mnt/movies",
                                "mount_propagation": "None",
                                "name": "movies-mount-qnap",
                                "read_only": false,
                                "sub_path": ""
                              },
                              {
                                "mount_path": "/mnt/tv_shows",
                                "mount_propagation": "None",
                                "name": "tv-mount-qnap",
                                "read_only": false,
                                "sub_path": ""
                              },
                              {
                                "mount_path": "/mnt/movies_2",
                                "mount_propagation": "None",
                                "name": "movies-mount-synology",
                                "read_only": false,
                                "sub_path": ""
                              },
                              {
                                "mount_path": "/mnt/tv_shows_2",
                                "mount_propagation": "None",
                                "name": "tv-mount-synology",
                                "read_only": false,
                                "sub_path": ""
                              }
                            ],
                            "working_dir": ""
                          }
                        ],
                        "dns_config": [],
                        "dns_policy": "ClusterFirst",
                        "enable_service_links": true,
                        "host_aliases": [],
                        "host_ipc": false,
                        "host_network": false,
                        "host_pid": false,
                        "hostname": "",
                        "image_pull_secrets": [],
                        "init_container": [],
                        "node_name": "",
                        "node_selector": {},
                        "priority_class_name": "",
                        "readiness_gate": [],
                        "restart_policy": "Always",
                        "runtime_class_name": "",
                        "security_context": [],
                        "service_account_name": "",
                        "share_process_namespace": false,
                        "subdomain": "",
                        "termination_grace_period_seconds": 30,
                        "toleration": [],
                        "topology_spread_constraint": [],
                        "volume": [
                          {
                            "aws_elastic_block_store": [],
                            "azure_disk": [],
                            "azure_file": [],
                            "ceph_fs": [],
                            "cinder": [],
                            "config_map": [],
                            "csi": [],
                            "downward_api": [],
                            "empty_dir": [],
                            "fc": [],
                            "flex_volume": [],
                            "flocker": [],
                            "gce_persistent_disk": [],
                            "git_repo": [],
                            "glusterfs": [],
                            "host_path": [],
                            "iscsi": [],
                            "local": [],
                            "name": "movies-mount-qnap",
                            "nfs": [
                              {
                                "path": "/movies",
                                "read_only": false,
                                "server": "192.168.1.4"
                              }
                            ],
                            "persistent_volume_claim": [],
                            "photon_persistent_disk": [],
                            "projected": [],
                            "quobyte": [],
                            "rbd": [],
                            "secret": [],
                            "vsphere_volume": []
                          },
                          {
                            "aws_elastic_block_store": [],
                            "azure_disk": [],
                            "azure_file": [],
                            "ceph_fs": [],
                            "cinder": [],
                            "config_map": [],
                            "csi": [],
                            "downward_api": [],
                            "empty_dir": [],
                            "fc": [],
                            "flex_volume": [],
                            "flocker": [],
                            "gce_persistent_disk": [],
                            "git_repo": [],
                            "glusterfs": [],
                            "host_path": [],
                            "iscsi": [],
                            "local": [],
                            "name": "tv-mount-qnap",
                            "nfs": [
                              {
                                "path": "/tv_shows",
                                "read_only": false,
                                "server": "192.168.1.4"
                              }
                            ],
                            "persistent_volume_claim": [],
                            "photon_persistent_disk": [],
                            "projected": [],
                            "quobyte": [],
                            "rbd": [],
                            "secret": [],
                            "vsphere_volume": []
                          },
                          {
                            "aws_elastic_block_store": [],
                            "azure_disk": [],
                            "azure_file": [],
                            "ceph_fs": [],
                            "cinder": [],
                            "config_map": [],
                            "csi": [],
                            "downward_api": [],
                            "empty_dir": [],
                            "fc": [],
                            "flex_volume": [],
                            "flocker": [],
                            "gce_persistent_disk": [],
                            "git_repo": [],
                            "glusterfs": [],
                            "host_path": [],
                            "iscsi": [],
                            "local": [],
                            "name": "movies-mount-synology",
                            "nfs": [
                              {
                                "path": "/volume1/movies",
                                "read_only": false,
                                "server": "192.168.1.12"
                              }
                            ],
                            "persistent_volume_claim": [],
                            "photon_persistent_disk": [],
                            "projected": [],
                            "quobyte": [],
                            "rbd": [],
                            "secret": [],
                            "vsphere_volume": []
                          },
                          {
                            "aws_elastic_block_store": [],
                            "azure_disk": [],
                            "azure_file": [],
                            "ceph_fs": [],
                            "cinder": [],
                            "config_map": [],
                            "csi": [],
                            "downward_api": [],
                            "empty_dir": [],
                            "fc": [],
                            "flex_volume": [],
                            "flocker": [],
                            "gce_persistent_disk": [],
                            "git_repo": [],
                            "glusterfs": [],
                            "host_path": [],
                            "iscsi": [],
                            "local": [],
                            "name": "tv-mount-synology",
                            "nfs": [
                              {
                                "path": "/volume1/tv_shows",
                                "read_only": false,
                                "server": "192.168.1.12"
                              }
                            ],
                            "persistent_volume_claim": [],
                            "photon_persistent_disk": [],
                            "projected": [],
                            "quobyte": [],
                            "rbd": [],
                            "secret": [],
                            "vsphere_volume": []
                          }
                        ]
                      }
                    ]
                  }
                ]
              }
            ],
            "timeouts": null,
            "wait_for_rollout": true
          },
          "sensitive_attributes": [],
          "private": "eyJlMmJmYjczMC1lY2FhLTExZTYtOGY4OC0zNDM2M2JjN2M0YzAiOnsiY3JlYXRlIjo2MDAwMDAwMDAwMDAsImRlbGV0ZSI6NjAwMDAwMDAwMDAwLCJ1cGRhdGUiOjYwMDAwMDAwMDAwMH0sInNjaGVtYV92ZXJzaW9uIjoiMSJ9",
          "dependencies": [
            "kubernetes_namespace.media-services"
          ]
        }
      ]
    },
    {
      "mode": "managed",
      "type": "kubernetes_deployment",
      "name": "sabnzbd-server",
      "provider": "provider[\"registry.terraform.io/hashicorp/kubernetes\"]",
      "instances": [
        {
          "schema_version": 1,
          "attributes": {
            "id": "media-services/sabnzbd-server",
            "metadata": [
              {
                "annotations": {},
                "generate_name": "",
                "generation": 2,
                "labels": {},
                "name": "sabnzbd-server",
                "namespace": "media-services",
                "resource_version": "2229",
                "uid": "869a3cb3-5413-49bf-9157-621f74111a2e"
              }
            ],
            "spec": [
              {
                "min_ready_seconds": 0,
                "paused": false,
                "progress_deadline_seconds": 600,
                "replicas": "1",
                "revision_history_limit": 10,
                "selector": [
                  {
                    "match_expressions": [],
                    "match_labels": {
                      "service_name": "sabnzbd-server"
                    }
                  }
                ],
                "strategy": [
                  {
                    "rolling_update": [
                      {
                        "max_surge": "25%",
                        "max_unavailable": "25%"
                      }
                    ],
                    "type": "RollingUpdate"
                  }
                ],
                "template": [
                  {
                    "metadata": [
                      {
                        "annotations": {},
                        "generate_name": "",
                        "generation": 0,
                        "labels": {
                          "service_name": "sabnzbd-server"
                        },
                        "name": "",
                        "namespace": "",
                        "resource_version": "",
                        "uid": ""
                      }
                    ],
                    "spec": [
                      {
                        "active_deadline_seconds": 0,
                        "affinity": [],
                        "automount_service_account_token": true,
                        "container": [
                          {
                            "args": [],
                            "command": [],
                            "env": [],
                            "env_from": [],
                            "image": "linuxserver/sabnzbd:nightly-e9578d9a-ls97",
                            "image_pull_policy": "IfNotPresent",
                            "lifecycle": [],
                            "liveness_probe": [],
                            "name": "sabnzbd-server",
                            "port": [
                              {
                                "container_port": 8080,
                                "host_ip": "",
                                "host_port": 0,
                                "name": "",
                                "protocol": "TCP"
                              }
                            ],
                            "readiness_probe": [],
                            "resources": [
                              {
                                "limits": {},
                                "requests": {}
                              }
                            ],
                            "security_context": [],
                            "startup_probe": [],
                            "stdin": false,
                            "stdin_once": false,
                            "termination_message_path": "/dev/termination-log",
                            "termination_message_policy": "File",
                            "tty": false,
                            "volume_mount": [
                              {
                                "mount_path": "/mnt/movies",
                                "mount_propagation": "None",
                                "name": "movies-mount-qnap",
                                "read_only": false,
                                "sub_path": ""
                              },
                              {
                                "mount_path": "/mnt/tv_shows",
                                "mount_propagation": "None",
                                "name": "tv-mount-qnap",
                                "read_only": false,
                                "sub_path": ""
                              },
                              {
                                "mount_path": "/mnt/movies_2",
                                "mount_propagation": "None",
                                "name": "movies-mount-synology",
                                "read_only": false,
                                "sub_path": ""
                              },
                              {
                                "mount_path": "/mnt/tv_shows_2",
                                "mount_propagation": "None",
                                "name": "tv-mount-synology",
                                "read_only": false,
                                "sub_path": ""
                              }
                            ],
                            "working_dir": ""
                          }
                        ],
                        "dns_config": [],
                        "dns_policy": "ClusterFirst",
                        "enable_service_links": true,
                        "host_aliases": [],
                        "host_ipc": false,
                        "host_network": false,
                        "host_pid": false,
                        "hostname": "",
                        "image_pull_secrets": [],
                        "init_container": [],
                        "node_name": "",
                        "node_selector": {},
                        "priority_class_name": "",
                        "readiness_gate": [],
                        "restart_policy": "Always",
                        "runtime_class_name": "",
                        "security_context": [],
                        "service_account_name": "",
                        "share_process_namespace": false,
                        "subdomain": "",
                        "termination_grace_period_seconds": 30,
                        "toleration": [],
                        "topology_spread_constraint": [],
                        "volume": [
                          {
                            "aws_elastic_block_store": [],
                            "azure_disk": [],
                            "azure_file": [],
                            "ceph_fs": [],
                            "cinder": [],
                            "config_map": [],
                            "csi": [],
                            "downward_api": [],
                            "empty_dir": [],
                            "fc": [],
                            "flex_volume": [],
                            "flocker": [],
                            "gce_persistent_disk": [],
                            "git_repo": [],
                            "glusterfs": [],
                            "host_path": [],
                            "iscsi": [],
                            "local": [],
                            "name": "movies-mount-qnap",
                            "nfs": [
                              {
                                "path": "/movies",
                                "read_only": false,
                                "server": "192.168.1.4"
                              }
                            ],
                            "persistent_volume_claim": [],
                            "photon_persistent_disk": [],
                            "projected": [],
                            "quobyte": [],
                            "rbd": [],
                            "secret": [],
                            "vsphere_volume": []
                          },
                          {
                            "aws_elastic_block_store": [],
                            "azure_disk": [],
                            "azure_file": [],
                            "ceph_fs": [],
                            "cinder": [],
                            "config_map": [],
                            "csi": [],
                            "downward_api": [],
                            "empty_dir": [],
                            "fc": [],
                            "flex_volume": [],
                            "flocker": [],
                            "gce_persistent_disk": [],
                            "git_repo": [],
                            "glusterfs": [],
                            "host_path": [],
                            "iscsi": [],
                            "local": [],
                            "name": "tv-mount-qnap",
                            "nfs": [
                              {
                                "path": "/tv_shows",
                                "read_only": false,
                                "server": "192.168.1.4"
                              }
                            ],
                            "persistent_volume_claim": [],
                            "photon_persistent_disk": [],
                            "projected": [],
                            "quobyte": [],
                            "rbd": [],
                            "secret": [],
                            "vsphere_volume": []
                          },
                          {
                            "aws_elastic_block_store": [],
                            "azure_disk": [],
                            "azure_file": [],
                            "ceph_fs": [],
                            "cinder": [],
                            "config_map": [],
                            "csi": [],
                            "downward_api": [],
                            "empty_dir": [],
                            "fc": [],
                            "flex_volume": [],
                            "flocker": [],
                            "gce_persistent_disk": [],
                            "git_repo": [],
                            "glusterfs": [],
                            "host_path": [],
                            "iscsi": [],
                            "local": [],
                            "name": "movies-mount-synology",
                            "nfs": [
                              {
                                "path": "/volume1/movies",
                                "read_only": false,
                                "server": "192.168.1.12"
                              }
                            ],
                            "persistent_volume_claim": [],
                            "photon_persistent_disk": [],
                            "projected": [],
                            "quobyte": [],
                            "rbd": [],
                            "secret": [],
                            "vsphere_volume": []
                          },
                          {
                            "aws_elastic_block_store": [],
                            "azure_disk": [],
                            "azure_file": [],
                            "ceph_fs": [],
                            "cinder": [],
                            "config_map": [],
                            "csi": [],
                            "downward_api": [],
                            "empty_dir": [],
                            "fc": [],
                            "flex_volume": [],
                            "flocker": [],
                            "gce_persistent_disk": [],
                            "git_repo": [],
                            "glusterfs": [],
                            "host_path": [],
                            "iscsi": [],
                            "local": [],
                            "name": "tv-mount-synology",
                            "nfs": [
                              {
                                "path": "/volume1/tv_shows",
                                "read_only": false,
                                "server": "192.168.1.12"
                              }
                            ],
                            "persistent_volume_claim": [],
                            "photon_persistent_disk": [],
                            "projected": [],
                            "quobyte": [],
                            "rbd": [],
                            "secret": [],
                            "vsphere_volume": []
                          }
                        ]
                      }
                    ]
                  }
                ]
              }
            ],
            "timeouts": null,
            "wait_for_rollout": true
          },
          "sensitive_attributes": [],
          "private": "eyJlMmJmYjczMC1lY2FhLTExZTYtOGY4OC0zNDM2M2JjN2M0YzAiOnsiY3JlYXRlIjo2MDAwMDAwMDAwMDAsImRlbGV0ZSI6NjAwMDAwMDAwMDAwLCJ1cGRhdGUiOjYwMDAwMDAwMDAwMH0sInNjaGVtYV92ZXJzaW9uIjoiMSJ9",
          "dependencies": [
            "kubernetes_namespace.media-services"
          ]
        }
      ]
    },
    {
      "mode": "managed",
      "type": "kubernetes_namespace",
      "name": "media-services",
      "provider": "provider[\"registry.terraform.io/hashicorp/kubernetes\"]",
      "instances": [
        {
          "schema_version": 0,
          "attributes": {
            "id": "media-services",
            "metadata": [
              {
                "annotations": {},
                "generate_name": "",
                "generation": 0,
                "labels": {},
                "name": "media-services",
                "resource_version": "910",
                "uid": "b32692a5-9605-464c-9699-e395b71753ea"
              }
            ],
            "timeouts": null
          },
          "sensitive_attributes": [],
          "private": "eyJlMmJmYjczMC1lY2FhLTExZTYtOGY4OC0zNDM2M2JjN2M0YzAiOnsiZGVsZXRlIjozMDAwMDAwMDAwMDB9fQ=="
        }
      ]
    }
  ]
}
